// !$*UTF8*$!
{
	archiveVersion = 1;
	classes = {
	};
	objectVersion = 55;
	objects = {

/* Begin PBXBuildFile section */
		AE0F3E9627C61D8D00808CC0 /* ConfigViewController.swift in Sources */ = {isa = PBXBuildFile; fileRef = AE0F3E9527C61D8D00808CC0 /* ConfigViewController.swift */; };
		AE0F3E9C27C6E70000808CC0 /* CustomChannelData.swift in Sources */ = {isa = PBXBuildFile; fileRef = AE0F3E9B27C6E70000808CC0 /* CustomChannelData.swift */; };
		AEF9375027BCAFB20037389D /* DVRViewController.swift in Sources */ = {isa = PBXBuildFile; fileRef = AEF9374F27BCAFB20037389D /* DVRViewController.swift */; };
		AEFD963227AA3BC1002D1C9E /* AppDelegate.swift in Sources */ = {isa = PBXBuildFile; fileRef = AEFD963127AA3BC1002D1C9E /* AppDelegate.swift */; };
		AEFD963427AA3BC1002D1C9E /* SceneDelegate.swift in Sources */ = {isa = PBXBuildFile; fileRef = AEFD963327AA3BC1002D1C9E /* SceneDelegate.swift */; };
		AEFD963627AA3BC1002D1C9E /* ViewController.swift in Sources */ = {isa = PBXBuildFile; fileRef = AEFD963527AA3BC1002D1C9E /* ViewController.swift */; };
		AEFD963927AA3BC1002D1C9E /* Main.storyboard in Resources */ = {isa = PBXBuildFile; fileRef = AEFD963727AA3BC1002D1C9E /* Main.storyboard */; };
		AEFD963B27AA3BC6002D1C9E /* Assets.xcassets in Resources */ = {isa = PBXBuildFile; fileRef = AEFD963A27AA3BC6002D1C9E /* Assets.xcassets */; };
		AEFD963E27AA3BC6002D1C9E /* LaunchScreen.storyboard in Resources */ = {isa = PBXBuildFile; fileRef = AEFD963C27AA3BC6002D1C9E /* LaunchScreen.storyboard */; };
/* End PBXBuildFile section */

/* Begin PBXFileReference section */
		AE0F3E9527C61D8D00808CC0 /* ConfigViewController.swift */ = {isa = PBXFileReference; lastKnownFileType = sourcecode.swift; path = ConfigViewController.swift; sourceTree = "<group>"; };
		AE0F3E9B27C6E70000808CC0 /* CustomChannelData.swift */ = {isa = PBXFileReference; lastKnownFileType = sourcecode.swift; path = CustomChannelData.swift; sourceTree = "<group>"; };
		AEF9374F27BCAFB20037389D /* DVRViewController.swift */ = {isa = PBXFileReference; lastKnownFileType = sourcecode.swift; path = DVRViewController.swift; sourceTree = "<group>"; };
		AEFD962E27AA3BC1002D1C9E /* MockRemote.app */ = {isa = PBXFileReference; explicitFileType = wrapper.application; includeInIndex = 0; path = MockRemote.app; sourceTree = BUILT_PRODUCTS_DIR; };
		AEFD963127AA3BC1002D1C9E /* AppDelegate.swift */ = {isa = PBXFileReference; lastKnownFileType = sourcecode.swift; path = AppDelegate.swift; sourceTree = "<group>"; };
		AEFD963327AA3BC1002D1C9E /* SceneDelegate.swift */ = {isa = PBXFileReference; lastKnownFileType = sourcecode.swift; path = SceneDelegate.swift; sourceTree = "<group>"; };
		AEFD963527AA3BC1002D1C9E /* ViewController.swift */ = {isa = PBXFileReference; lastKnownFileType = sourcecode.swift; path = ViewController.swift; sourceTree = "<group>"; };
		AEFD963827AA3BC1002D1C9E /* Base */ = {isa = PBXFileReference; lastKnownFileType = file.storyboard; name = Base; path = Base.lproj/Main.storyboard; sourceTree = "<group>"; };
		AEFD963A27AA3BC6002D1C9E /* Assets.xcassets */ = {isa = PBXFileReference; lastKnownFileType = folder.assetcatalog; path = Assets.xcassets; sourceTree = "<group>"; };
		AEFD963D27AA3BC6002D1C9E /* Base */ = {isa = PBXFileReference; lastKnownFileType = file.storyboard; name = Base; path = Base.lproj/LaunchScreen.storyboard; sourceTree = "<group>"; };
		AEFD963F27AA3BC6002D1C9E /* Info.plist */ = {isa = PBXFileReference; lastKnownFileType = text.plist.xml; path = Info.plist; sourceTree = "<group>"; };
/* End PBXFileReference section */

/* Begin PBXFrameworksBuildPhase section */
		AEFD962B27AA3BC1002D1C9E /* Frameworks */ = {
			isa = PBXFrameworksBuildPhase;
			buildActionMask = 2147483647;
			files = (
			);
			runOnlyForDeploymentPostprocessing = 0;
		};
/* End PBXFrameworksBuildPhase section */

/* Begin PBXGroup section */
		AEFD962527AA3BC1002D1C9E = {
			isa = PBXGroup;
			children = (
				AEFD963027AA3BC1002D1C9E /* MockRemote */,
				AEFD962F27AA3BC1002D1C9E /* Products */,
			);
			sourceTree = "<group>";
		};
		AEFD962F27AA3BC1002D1C9E /* Products */ = {
			isa = PBXGroup;
			children = (
				AEFD962E27AA3BC1002D1C9E /* MockRemote.app */,
			);
			name = Products;
			sourceTree = "<group>";
		};
		AEFD963027AA3BC1002D1C9E /* MockRemote */ = {
			isa = PBXGroup;
			children = (
				AEFD963127AA3BC1002D1C9E /* AppDelegate.swift */,
				AEFD963327AA3BC1002D1C9E /* SceneDelegate.swift */,
				AEFD963527AA3BC1002D1C9E /* ViewController.swift */,
				AEFD963727AA3BC1002D1C9E /* Main.storyboard */,
				AE0F3E9B27C6E70000808CC0 /* CustomChannelData.swift */,
				AE0F3E9527C61D8D00808CC0 /* ConfigViewController.swift */,
				AEF9374F27BCAFB20037389D /* DVRViewController.swift */,
				AEFD963A27AA3BC6002D1C9E /* Assets.xcassets */,
				AEFD963C27AA3BC6002D1C9E /* LaunchScreen.storyboard */,
				AEFD963F27AA3BC6002D1C9E /* Info.plist */,
			);
			path = MockRemote;
			sourceTree = "<group>";
		};
/* End PBXGroup section */

/* Begin PBXNativeTarget section */
		AEFD962D27AA3BC1002D1C9E /* MockRemote */ = {
			isa = PBXNativeTarget;
			buildConfigurationList = AEFD964227AA3BC6002D1C9E /* Build configuration list for PBXNativeTarget "MockRemote" */;
			buildPhases = (
				AEFD962A27AA3BC1002D1C9E /* Sources */,
				AEFD962B27AA3BC1002D1C9E /* Frameworks */,
				AEFD962C27AA3BC1002D1C9E /* Resources */,
			);
			buildRules = (
			);
			dependencies = (
			);
			name = MockRemote;
			productName = MockRemote;
			productReference = AEFD962E27AA3BC1002D1C9E /* MockRemote.app */;
			productType = "com.apple.product-type.application";
		};
/* End PBXNativeTarget section */

/* Begin PBXProject section */
		AEFD962627AA3BC1002D1C9E /* Project object */ = {
			isa = PBXProject;
			attributes = {
				BuildIndependentTargetsInParallel = 1;
				LastSwiftUpdateCheck = 1320;
				LastUpgradeCheck = 1320;
				TargetAttributes = {
					AEFD962D27AA3BC1002D1C9E = {
						CreatedOnToolsVersion = 13.2.1;
					};
				};
			};
			buildConfigurationList = AEFD962927AA3BC1002D1C9E /* Build configuration list for PBXProject "MockRemote" */;
			compatibilityVersion = "Xcode 13.0";
			developmentRegion = en;
			hasScannedForEncodings = 0;
			knownRegions = (
				en,
				Base,
			);
			mainGroup = AEFD962527AA3BC1002D1C9E;
			productRefGroup = AEFD962F27AA3BC1002D1C9E /* Products */;
			projectDirPath = "";
			projectRoot = "";
			targets = (
				AEFD962D27AA3BC1002D1C9E /* MockRemote */,
			);
		};
/* End PBXProject section */

/* Begin PBXResourcesBuildPhase section */
		AEFD962C27AA3BC1002D1C9E /* Resources */ = {
			isa = PBXResourcesBuildPhase;
			buildActionMask = 2147483647;
			files = (
				AEFD963E27AA3BC6002D1C9E /* LaunchScreen.storyboard in Resources */,
				AEFD963B27AA3BC6002D1C9E /* Assets.xcassets in Resources */,
				AEFD963927AA3BC1002D1C9E /* Main.storyboard in Resources */,
			);
			runOnlyForDeploymentPostprocessing = 0;
		};
/* End PBXResourcesBuildPhase section */

/* Begin PBXSourcesBuildPhase section */
		AEFD962A27AA3BC1002D1C9E /* Sources */ = {
			isa = PBXSourcesBuildPhase;
			buildActionMask = 2147483647;
			files = (
				AEFD963627AA3BC1002D1C9E /* ViewController.swift in Sources */,
				AEF9375027BCAFB20037389D /* DVRViewController.swift in Sources */,
				AEFD963227AA3BC1002D1C9E /* AppDelegate.swift in Sources */,
				AE0F3E9627C61D8D00808CC0 /* ConfigViewController.swift in Sources */,
				AE0F3E9C27C6E70000808CC0 /* CustomChannelData.swift in Sources */,
				AEFD963427AA3BC1002D1C9E /* SceneDelegate.swift in Sources */,
			);
			runOnlyForDeploymentPostprocessing = 0;
		};
/* End PBXSourcesBuildPhase section */

/* Begin PBXVariantGroup section */
		AEFD963727AA3BC1002D1C9E /* Main.storyboard */ = {
			isa = PBXVariantGroup;
			children = (
				AEFD963827AA3BC1002D1C9E /* Base */,
			);
			name = Main.storyboard;
			sourceTree = "<group>";
		};
		AEFD963C27AA3BC6002D1C9E /* LaunchScreen.storyboard */ = {
			isa = PBXVariantGroup;
			children = (
				AEFD963D27AA3BC6002D1C9E /* Base */,
			);
			name = LaunchScreen.storyboard;
			sourceTree = "<group>";
		};
/* End PBXVariantGroup section */

/* Begin XCBuildConfiguration section */
		AEFD964027AA3BC6002D1C9E /* Debug */ = {
			isa = XCBuildConfiguration;
			buildSettings = {
				ALWAYS_SEARCH_USER_PATHS = NO;
				CLANG_ANALYZER_NONNULL = YES;
				CLANG_ANALYZER_NUMBER_OBJECT_CONVERSION = YES_AGGRESSIVE;
				CLANG_CXX_LANGUAGE_STANDARD = "gnu++17";
				CLANG_CXX_LIBRARY = "libc++";
				CLANG_ENABLE_MODULES = YES;
				CLANG_ENABLE_OBJC_ARC = YES;
				CLANG_ENABLE_OBJC_WEAK = YES;
				CLANG_WARN_BLOCK_CAPTURE_AUTORELEASING = YES;
				CLANG_WARN_BOOL_CONVERSION = YES;
				CLANG_WARN_COMMA = YES;
				CLANG_WARN_CONSTANT_CONVERSION = YES;
				CLANG_WARN_DEPRECATED_OBJC_IMPLEMENTATIONS = YES;
				CLANG_WARN_DIRECT_OBJC_ISA_USAGE = YES_ERROR;
				CLANG_WARN_DOCUMENTATION_COMMENTS = YES;
				CLANG_WARN_EMPTY_BODY = YES;
				CLANG_WARN_ENUM_CONVERSION = YES;
				CLANG_WARN_INFINITE_RECURSION = YES;
				CLANG_WARN_INT_CONVERSION = YES;
				CLANG_WARN_NON_LITERAL_NULL_CONVERSION = YES;
				CLANG_WARN_OBJC_IMPLICIT_RETAIN_SELF = YES;
				CLANG_WARN_OBJC_LITERAL_CONVERSION = YES;
				CLANG_WARN_OBJC_ROOT_CLASS = YES_ERROR;
				CLANG_WARN_QUOTED_INCLUDE_IN_FRAMEWORK_HEADER = YES;
				CLANG_WARN_RANGE_LOOP_ANALYSIS = YES;
				CLANG_WARN_STRICT_PROTOTYPES = YES;
				CLANG_WARN_SUSPICIOUS_MOVE = YES;
				CLANG_WARN_UNGUARDED_AVAILABILITY = YES_AGGRESSIVE;
				CLANG_WARN_UNREACHABLE_CODE = YES;
				CLANG_WARN__DUPLICATE_METHOD_MATCH = YES;
				COPY_PHASE_STRIP = NO;
				DEBUG_INFORMATION_FORMAT = dwarf;
				ENABLE_STRICT_OBJC_MSGSEND = YES;
				ENABLE_TESTABILITY = YES;
				GCC_C_LANGUAGE_STANDARD = gnu11;
				GCC_DYNAMIC_NO_PIC = NO;
				GCC_NO_COMMON_BLOCKS = YES;
				GCC_OPTIMIZATION_LEVEL = 0;
				GCC_PREPROCESSOR_DEFINITIONS = (
					"DEBUG=1",
					"$(inherited)",
				);
				GCC_WARN_64_TO_32_BIT_CONVERSION = YES;
				GCC_WARN_ABOUT_RETURN_TYPE = YES_ERROR;
				GCC_WARN_UNDECLARED_SELECTOR = YES;
				GCC_WARN_UNINITIALIZED_AUTOS = YES_AGGRESSIVE;
				GCC_WARN_UNUSED_FUNCTION = YES;
				GCC_WARN_UNUSED_VARIABLE = YES;
				IPHONEOS_DEPLOYMENT_TARGET = 15.2;
				MTL_ENABLE_DEBUG_INFO = INCLUDE_SOURCE;
				MTL_FAST_MATH = YES;
				ONLY_ACTIVE_ARCH = YES;
				SDKROOT = iphoneos;
				SWIFT_ACTIVE_COMPILATION_CONDITIONS = DEBUG;
				SWIFT_OPTIMIZATION_LEVEL = "-Onone";
			};
			name = Debug;
		};
		AEFD964127AA3BC6002D1C9E /* Release */ = {
			isa = XCBuildConfiguration;
			buildSettings = {
				ALWAYS_SEARCH_USER_PATHS = NO;
				CLANG_ANALYZER_NONNULL = YES;
				CLANG_ANALYZER_NUMBER_OBJECT_CONVERSION = YES_AGGRESSIVE;
				CLANG_CXX_LANGUAGE_STANDARD = "gnu++17";
				CLANG_CXX_LIBRARY = "libc++";
				CLANG_ENABLE_MODULES = YES;
				CLANG_ENABLE_OBJC_ARC = YES;
				CLANG_ENABLE_OBJC_WEAK = YES;
				CLANG_WARN_BLOCK_CAPTURE_AUTORELEASING = YES;
				CLANG_WARN_BOOL_CONVERSION = YES;
				CLANG_WARN_COMMA = YES;
				CLANG_WARN_CONSTANT_CONVERSION = YES;
				CLANG_WARN_DEPRECATED_OBJC_IMPLEMENTATIONS = YES;
				CLANG_WARN_DIRECT_OBJC_ISA_USAGE = YES_ERROR;
				CLANG_WARN_DOCUMENTATION_COMMENTS = YES;
				CLANG_WARN_EMPTY_BODY = YES;
				CLANG_WARN_ENUM_CONVERSION = YES;
				CLANG_WARN_INFINITE_RECURSION = YES;
				CLANG_WARN_INT_CONVERSION = YES;
				CLANG_WARN_NON_LITERAL_NULL_CONVERSION = YES;
				CLANG_WARN_OBJC_IMPLICIT_RETAIN_SELF = YES;
				CLANG_WARN_OBJC_LITERAL_CONVERSION = YES;
				CLANG_WARN_OBJC_ROOT_CLASS = YES_ERROR;
				CLANG_WARN_QUOTED_INCLUDE_IN_FRAMEWORK_HEADER = YES;
				CLANG_WARN_RANGE_LOOP_ANALYSIS = YES;
				CLANG_WARN_STRICT_PROTOTYPES = YES;
				CLANG_WARN_SUSPICIOUS_MOVE = YES;
				CLANG_WARN_UNGUARDED_AVAILABILITY = YES_AGGRESSIVE;
				CLANG_WARN_UNREACHABLE_CODE = YES;
				CLANG_WARN__DUPLICATE_METHOD_MATCH = YES;
				COPY_PHASE_STRIP = NO;
				DEBUG_INFORMATION_FORMAT = "dwarf-with-dsym";
				ENABLE_NS_ASSERTIONS = NO;
				ENABLE_STRICT_OBJC_MSGSEND = YES;
				GCC_C_LANGUAGE_STANDARD = gnu11;
				GCC_NO_COMMON_BLOCKS = YES;
				GCC_WARN_64_TO_32_BIT_CONVERSION = YES;
				GCC_WARN_ABOUT_RETURN_TYPE = YES_ERROR;
				GCC_WARN_UNDECLARED_SELECTOR = YES;
				GCC_WARN_UNINITIALIZED_AUTOS = YES_AGGRESSIVE;
				GCC_WARN_UNUSED_FUNCTION = YES;
				GCC_WARN_UNUSED_VARIABLE = YES;
				IPHONEOS_DEPLOYMENT_TARGET = 15.2;
				MTL_ENABLE_DEBUG_INFO = NO;
				MTL_FAST_MATH = YES;
				SDKROOT = iphoneos;
				SWIFT_COMPILATION_MODE = wholemodule;
				SWIFT_OPTIMIZATION_LEVEL = "-O";
				VALIDATE_PRODUCT = YES;
			};
			name = Release;
		};
		AEFD964327AA3BC6002D1C9E /* Debug */ = {
			isa = XCBuildConfiguration;
			buildSettings = {
				ASSETCATALOG_COMPILER_APPICON_NAME = AppIcon;
				ASSETCATALOG_COMPILER_GLOBAL_ACCENT_COLOR_NAME = AccentColor;
				CODE_SIGN_STYLE = Automatic;
				CURRENT_PROJECT_VERSION = 1;
				GENERATE_INFOPLIST_FILE = YES;
				INFOPLIST_FILE = MockRemote/Info.plist;
				INFOPLIST_KEY_UIApplicationSupportsIndirectInputEvents = YES;
				INFOPLIST_KEY_UILaunchStoryboardName = LaunchScreen;
				INFOPLIST_KEY_UIMainStoryboardFile = Main;
				INFOPLIST_KEY_UISupportedInterfaceOrientations_iPad = "UIInterfaceOrientationPortrait UIInterfaceOrientationPortraitUpsideDown UIInterfaceOrientationLandscapeLeft UIInterfaceOrientationLandscapeRight";
				INFOPLIST_KEY_UISupportedInterfaceOrientations_iPhone = "UIInterfaceOrientationPortrait UIInterfaceOrientationLandscapeLeft UIInterfaceOrientationLandscapeRight";
				LD_RUNPATH_SEARCH_PATHS = (
					"$(inherited)",
					"@executable_path/Frameworks",
				);
				MARKETING_VERSION = 1.0;
				PRODUCT_BUNDLE_IDENTIFIER = com.nathannguyen.MockRemote;
				PRODUCT_NAME = "$(TARGET_NAME)";
				SWIFT_EMIT_LOC_STRINGS = YES;
				SWIFT_VERSION = 5.0;
				TARGETED_DEVICE_FAMILY = "1,2";
			};
			name = Debug;
		};
		AEFD964427AA3BC6002D1C9E /* Release */ = {
			isa = XCBuildConfiguration;
			buildSettings = {
				ASSETCATALOG_COMPILER_APPICON_NAME = AppIcon;
				ASSETCATALOG_COMPILER_GLOBAL_ACCENT_COLOR_NAME = AccentColor;
				CODE_SIGN_STYLE = Automatic;
				CURRENT_PROJECT_VERSION = 1;
				GENERATE_INFOPLIST_FILE = YES;
				INFOPLIST_FILE = MockRemote/Info.plist;
				INFOPLIST_KEY_UIApplicationSupportsIndirectInputEvents = YES;
				INFOPLIST_KEY_UILaunchStoryboardName = LaunchScreen;
				INFOPLIST_KEY_UIMainStoryboardFile = Main;
				INFOPLIST_KEY_UISupportedInterfaceOrientations_iPad = "UIInterfaceOrientationPortrait UIInterfaceOrientationPortraitUpsideDown UIInterfaceOrientationLandscapeLeft UIInterfaceOrientationLandscapeRight";
				INFOPLIST_KEY_UISupportedInterfaceOrientations_iPhone = "UIInterfaceOrientationPortrait UIInterfaceOrientationLandscapeLeft UIInterfaceOrientationLandscapeRight";
				LD_RUNPATH_SEARCH_PATHS = (
					"$(inherited)",
					"@executable_path/Frameworks",
				);
				MARKETING_VERSION = 1.0;
				PRODUCT_BUNDLE_IDENTIFIER = com.nathannguyen.MockRemote;
				PRODUCT_NAME = "$(TARGET_NAME)";
				SWIFT_EMIT_LOC_STRINGS = YES;
				SWIFT_VERSION = 5.0;
				TARGETED_DEVICE_FAMILY = "1,2";
			};
			name = Release;
		};
/* End XCBuildConfiguration section */

/* Begin XCConfigurationList section */
		AEFD962927AA3BC1002D1C9E /* Build configuration list for PBXProject "MockRemote" */ = {
			isa = XCConfigurationList;
			buildConfigurations = (
				AEFD964027AA3BC6002D1C9E /* Debug */,
				AEFD964127AA3BC6002D1C9E /* Release */,
			);
			defaultConfigurationIsVisible = 0;
			defaultConfigurationName = Release;
		};
		AEFD964227AA3BC6002D1C9E /* Build configuration list for PBXNativeTarget "MockRemote" */ = {
			isa = XCConfigurationList;
			buildConfigurations = (
				AEFD964327AA3BC6002D1C9E /* Debug */,
				AEFD964427AA3BC6002D1C9E /* Release */,
			);
			defaultConfigurationIsVisible = 0;
			defaultConfigurationName = Release;
		};
/* End XCConfigurationList section */
	};
	rootObject = AEFD962627AA3BC1002D1C9E /* Project object */;
}
