// !$*UTF8*$!
{
	archiveVersion = 1;
	classes = {
	};
	objectVersion = 55;
	objects = {

/* Begin PBXBuildFile section */
		AE5D53A027E5517D00D105B0 /* AppDelegate.swift in Sources */ = {isa = PBXBuildFile; fileRef = AE5D539F27E5517D00D105B0 /* AppDelegate.swift */; };
		AE5D53A227E5517D00D105B0 /* SceneDelegate.swift in Sources */ = {isa = PBXBuildFile; fileRef = AE5D53A127E5517D00D105B0 /* SceneDelegate.swift */; };
		AE5D53A427E5517D00D105B0 /* MainViewController.swift in Sources */ = {isa = PBXBuildFile; fileRef = AE5D53A327E5517D00D105B0 /* MainViewController.swift */; };
		AE5D53A727E5517D00D105B0 /* Main.storyboard in Resources */ = {isa = PBXBuildFile; fileRef = AE5D53A527E5517D00D105B0 /* Main.storyboard */; };
		AE5D53AA27E5517D00D105B0 /* Final_v1.xcdatamodeld in Sources */ = {isa = PBXBuildFile; fileRef = AE5D53A827E5517D00D105B0 /* Final_v1.xcdatamodeld */; };
		AE5D53AC27E5518000D105B0 /* Assets.xcassets in Resources */ = {isa = PBXBuildFile; fileRef = AE5D53AB27E5518000D105B0 /* Assets.xcassets */; };
		AE5D53AF27E5518000D105B0 /* LaunchScreen.storyboard in Resources */ = {isa = PBXBuildFile; fileRef = AE5D53AD27E5518000D105B0 /* LaunchScreen.storyboard */; };
		AE5D53B727E5557F00D105B0 /* PromptViewController.swift in Sources */ = {isa = PBXBuildFile; fileRef = AE5D53B627E5557F00D105B0 /* PromptViewController.swift */; };
		AE5D53CB27E6951A00D105B0 /* CustomPromptViewController.swift in Sources */ = {isa = PBXBuildFile; fileRef = AE5D53CA27E6951A00D105B0 /* CustomPromptViewController.swift */; };
		AE5D53D127E80BFE00D105B0 /* WordsData.swift in Sources */ = {isa = PBXBuildFile; fileRef = AE5D53D027E80BFE00D105B0 /* WordsData.swift */; };
		AE5D53D327E80C2100D105B0 /* CustomTableViewController.swift in Sources */ = {isa = PBXBuildFile; fileRef = AE5D53D227E80C2100D105B0 /* CustomTableViewController.swift */; };
		AE5D53D727E8522500D105B0 /* CanvasView.swift in Sources */ = {isa = PBXBuildFile; fileRef = AE5D53D627E8522500D105B0 /* CanvasView.swift */; };
/* End PBXBuildFile section */

/* Begin PBXFileReference section */
		AE5D539C27E5517D00D105B0 /* Final_v1.app */ = {isa = PBXFileReference; explicitFileType = wrapper.application; includeInIndex = 0; path = Final_v1.app; sourceTree = BUILT_PRODUCTS_DIR; };
		AE5D539F27E5517D00D105B0 /* AppDelegate.swift */ = {isa = PBXFileReference; lastKnownFileType = sourcecode.swift; path = AppDelegate.swift; sourceTree = "<group>"; };
		AE5D53A127E5517D00D105B0 /* SceneDelegate.swift */ = {isa = PBXFileReference; lastKnownFileType = sourcecode.swift; path = SceneDelegate.swift; sourceTree = "<group>"; };
		AE5D53A327E5517D00D105B0 /* MainViewController.swift */ = {isa = PBXFileReference; lastKnownFileType = sourcecode.swift; path = MainViewController.swift; sourceTree = "<group>"; };
		AE5D53A627E5517D00D105B0 /* Base */ = {isa = PBXFileReference; lastKnownFileType = file.storyboard; name = Base; path = Base.lproj/Main.storyboard; sourceTree = "<group>"; };
		AE5D53A927E5517D00D105B0 /* Final_v1.xcdatamodel */ = {isa = PBXFileReference; lastKnownFileType = wrapper.xcdatamodel; path = Final_v1.xcdatamodel; sourceTree = "<group>"; };
		AE5D53AB27E5518000D105B0 /* Assets.xcassets */ = {isa = PBXFileReference; lastKnownFileType = folder.assetcatalog; path = Assets.xcassets; sourceTree = "<group>"; };
		AE5D53AE27E5518000D105B0 /* Base */ = {isa = PBXFileReference; lastKnownFileType = file.storyboard; name = Base; path = Base.lproj/LaunchScreen.storyboard; sourceTree = "<group>"; };
		AE5D53B027E5518000D105B0 /* Info.plist */ = {isa = PBXFileReference; lastKnownFileType = text.plist.xml; path = Info.plist; sourceTree = "<group>"; };
		AE5D53B627E5557F00D105B0 /* PromptViewController.swift */ = {isa = PBXFileReference; lastKnownFileType = sourcecode.swift; path = PromptViewController.swift; sourceTree = "<group>"; };
		AE5D53CA27E6951A00D105B0 /* CustomPromptViewController.swift */ = {isa = PBXFileReference; lastKnownFileType = sourcecode.swift; path = CustomPromptViewController.swift; sourceTree = "<group>"; };
		AE5D53D027E80BFE00D105B0 /* WordsData.swift */ = {isa = PBXFileReference; lastKnownFileType = sourcecode.swift; path = WordsData.swift; sourceTree = "<group>"; };
		AE5D53D227E80C2100D105B0 /* CustomTableViewController.swift */ = {isa = PBXFileReference; lastKnownFileType = sourcecode.swift; path = CustomTableViewController.swift; sourceTree = "<group>"; };
		AE5D53D627E8522500D105B0 /* CanvasView.swift */ = {isa = PBXFileReference; lastKnownFileType = sourcecode.swift; path = CanvasView.swift; sourceTree = "<group>"; };
/* End PBXFileReference section */

/* Begin PBXFrameworksBuildPhase section */
		AE5D539927E5517D00D105B0 /* Frameworks */ = {
			isa = PBXFrameworksBuildPhase;
			buildActionMask = 2147483647;
			files = (
			);
			runOnlyForDeploymentPostprocessing = 0;
		};
/* End PBXFrameworksBuildPhase section */

/* Begin PBXGroup section */
		AE5D539327E5517D00D105B0 = {
			isa = PBXGroup;
			children = (
				AE5D539E27E5517D00D105B0 /* Final_v1 */,
				AE5D539D27E5517D00D105B0 /* Products */,
			);
			sourceTree = "<group>";
		};
		AE5D539D27E5517D00D105B0 /* Products */ = {
			isa = PBXGroup;
			children = (
				AE5D539C27E5517D00D105B0 /* Final_v1.app */,
			);
			name = Products;
			sourceTree = "<group>";
		};
		AE5D539E27E5517D00D105B0 /* Final_v1 */ = {
			isa = PBXGroup;
			children = (
				AE5D539F27E5517D00D105B0 /* AppDelegate.swift */,
				AE5D53A127E5517D00D105B0 /* SceneDelegate.swift */,
				AE5D53A327E5517D00D105B0 /* MainViewController.swift */,
				AE5D53A527E5517D00D105B0 /* Main.storyboard */,
				AE5D53D627E8522500D105B0 /* CanvasView.swift */,
				AE5D53D027E80BFE00D105B0 /* WordsData.swift */,
				AE5D53D227E80C2100D105B0 /* CustomTableViewController.swift */,
				AE5D53CA27E6951A00D105B0 /* CustomPromptViewController.swift */,
				AE5D53B627E5557F00D105B0 /* PromptViewController.swift */,
				AE5D53AB27E5518000D105B0 /* Assets.xcassets */,
				AE5D53AD27E5518000D105B0 /* LaunchScreen.storyboard */,
				AE5D53B027E5518000D105B0 /* Info.plist */,
				AE5D53A827E5517D00D105B0 /* Final_v1.xcdatamodeld */,
			);
			path = Final_v1;
			sourceTree = "<group>";
		};
/* End PBXGroup section */

/* Begin PBXNativeTarget section */
		AE5D539B27E5517D00D105B0 /* Final_v1 */ = {
			isa = PBXNativeTarget;
			buildConfigurationList = AE5D53B327E5518000D105B0 /* Build configuration list for PBXNativeTarget "Final_v1" */;
			buildPhases = (
				AE5D539827E5517D00D105B0 /* Sources */,
				AE5D539927E5517D00D105B0 /* Frameworks */,
				AE5D539A27E5517D00D105B0 /* Resources */,
			);
			buildRules = (
			);
			dependencies = (
			);
			name = Final_v1;
			productName = Final_v1;
			productReference = AE5D539C27E5517D00D105B0 /* Final_v1.app */;
			productType = "com.apple.product-type.application";
		};
/* End PBXNativeTarget section */

/* Begin PBXProject section */
		AE5D539427E5517D00D105B0 /* Project object */ = {
			isa = PBXProject;
			attributes = {
				BuildIndependentTargetsInParallel = 1;
				LastSwiftUpdateCheck = 1320;
				LastUpgradeCheck = 1320;
				TargetAttributes = {
					AE5D539B27E5517D00D105B0 = {
						CreatedOnToolsVersion = 13.2.1;
					};
				};
			};
			buildConfigurationList = AE5D539727E5517D00D105B0 /* Build configuration list for PBXProject "Final_v1" */;
			compatibilityVersion = "Xcode 13.0";
			developmentRegion = en;
			hasScannedForEncodings = 0;
			knownRegions = (
				en,
				Base,
			);
			mainGroup = AE5D539327E5517D00D105B0;
			productRefGroup = AE5D539D27E5517D00D105B0 /* Products */;
			projectDirPath = "";
			projectRoot = "";
			targets = (
				AE5D539B27E5517D00D105B0 /* Final_v1 */,
			);
		};
/* End PBXProject section */

/* Begin PBXResourcesBuildPhase section */
		AE5D539A27E5517D00D105B0 /* Resources */ = {
			isa = PBXResourcesBuildPhase;
			buildActionMask = 2147483647;
			files = (
				AE5D53AF27E5518000D105B0 /* LaunchScreen.storyboard in Resources */,
				AE5D53AC27E5518000D105B0 /* Assets.xcassets in Resources */,
				AE5D53A727E5517D00D105B0 /* Main.storyboard in Resources */,
			);
			runOnlyForDeploymentPostprocessing = 0;
		};
/* End PBXResourcesBuildPhase section */

/* Begin PBXSourcesBuildPhase section */
		AE5D539827E5517D00D105B0 /* Sources */ = {
			isa = PBXSourcesBuildPhase;
			buildActionMask = 2147483647;
			files = (
				AE5D53A427E5517D00D105B0 /* MainViewController.swift in Sources */,
				AE5D53AA27E5517D00D105B0 /* Final_v1.xcdatamodeld in Sources */,
				AE5D53CB27E6951A00D105B0 /* CustomPromptViewController.swift in Sources */,
				AE5D53B727E5557F00D105B0 /* PromptViewController.swift in Sources */,
				AE5D53A027E5517D00D105B0 /* AppDelegate.swift in Sources */,
				AE5D53D327E80C2100D105B0 /* CustomTableViewController.swift in Sources */,
				AE5D53A227E5517D00D105B0 /* SceneDelegate.swift in Sources */,
				AE5D53D127E80BFE00D105B0 /* WordsData.swift in Sources */,
				AE5D53D727E8522500D105B0 /* CanvasView.swift in Sources */,
			);
			runOnlyForDeploymentPostprocessing = 0;
		};
/* End PBXSourcesBuildPhase section */

/* Begin PBXVariantGroup section */
		AE5D53A527E5517D00D105B0 /* Main.storyboard */ = {
			isa = PBXVariantGroup;
			children = (
				AE5D53A627E5517D00D105B0 /* Base */,
			);
			name = Main.storyboard;
			sourceTree = "<group>";
		};
		AE5D53AD27E5518000D105B0 /* LaunchScreen.storyboard */ = {
			isa = PBXVariantGroup;
			children = (
				AE5D53AE27E5518000D105B0 /* Base */,
			);
			name = LaunchScreen.storyboard;
			sourceTree = "<group>";
		};
/* End PBXVariantGroup section */

/* Begin XCBuildConfiguration section */
		AE5D53B127E5518000D105B0 /* Debug */ = {
			isa = XCBuildConfiguration;
			buildSettings = {
				ALWAYS_SEARCH_USER_PATHS = NO;
				CLANG_ANALYZER_NONNULL = YES;
				CLANG_ANALYZER_NUMBER_OBJECT_CONVERSION = YES_AGGRESSIVE;
				CLANG_CXX_LANGUAGE_STANDARD = "gnu++17";
				CLANG_CXX_LIBRARY = "libc++";
				CLANG_ENABLE_MODULES = YES;
				CLANG_ENABLE_OBJC_ARC = YES;
				CLANG_ENABLE_OBJC_WEAK = YES;
				CLANG_WARN_BLOCK_CAPTURE_AUTORELEASING = YES;
				CLANG_WARN_BOOL_CONVERSION = YES;
				CLANG_WARN_COMMA = YES;
				CLANG_WARN_CONSTANT_CONVERSION = YES;
				CLANG_WARN_DEPRECATED_OBJC_IMPLEMENTATIONS = YES;
				CLANG_WARN_DIRECT_OBJC_ISA_USAGE = YES_ERROR;
				CLANG_WARN_DOCUMENTATION_COMMENTS = YES;
				CLANG_WARN_EMPTY_BODY = YES;
				CLANG_WARN_ENUM_CONVERSION = YES;
				CLANG_WARN_INFINITE_RECURSION = YES;
				CLANG_WARN_INT_CONVERSION = YES;
				CLANG_WARN_NON_LITERAL_NULL_CONVERSION = YES;
				CLANG_WARN_OBJC_IMPLICIT_RETAIN_SELF = YES;
				CLANG_WARN_OBJC_LITERAL_CONVERSION = YES;
				CLANG_WARN_OBJC_ROOT_CLASS = YES_ERROR;
				CLANG_WARN_QUOTED_INCLUDE_IN_FRAMEWORK_HEADER = YES;
				CLANG_WARN_RANGE_LOOP_ANALYSIS = YES;
				CLANG_WARN_STRICT_PROTOTYPES = YES;
				CLANG_WARN_SUSPICIOUS_MOVE = YES;
				CLANG_WARN_UNGUARDED_AVAILABILITY = YES_AGGRESSIVE;
				CLANG_WARN_UNREACHABLE_CODE = YES;
				CLANG_WARN__DUPLICATE_METHOD_MATCH = YES;
				COPY_PHASE_STRIP = NO;
				DEBUG_INFORMATION_FORMAT = dwarf;
				ENABLE_STRICT_OBJC_MSGSEND = YES;
				ENABLE_TESTABILITY = YES;
				GCC_C_LANGUAGE_STANDARD = gnu11;
				GCC_DYNAMIC_NO_PIC = NO;
				GCC_NO_COMMON_BLOCKS = YES;
				GCC_OPTIMIZATION_LEVEL = 0;
				GCC_PREPROCESSOR_DEFINITIONS = (
					"DEBUG=1",
					"$(inherited)",
				);
				GCC_WARN_64_TO_32_BIT_CONVERSION = YES;
				GCC_WARN_ABOUT_RETURN_TYPE = YES_ERROR;
				GCC_WARN_UNDECLARED_SELECTOR = YES;
				GCC_WARN_UNINITIALIZED_AUTOS = YES_AGGRESSIVE;
				GCC_WARN_UNUSED_FUNCTION = YES;
				GCC_WARN_UNUSED_VARIABLE = YES;
				IPHONEOS_DEPLOYMENT_TARGET = 15.2;
				MTL_ENABLE_DEBUG_INFO = INCLUDE_SOURCE;
				MTL_FAST_MATH = YES;
				ONLY_ACTIVE_ARCH = YES;
				SDKROOT = iphoneos;
				SWIFT_ACTIVE_COMPILATION_CONDITIONS = DEBUG;
				SWIFT_OPTIMIZATION_LEVEL = "-Onone";
			};
			name = Debug;
		};
		AE5D53B227E5518000D105B0 /* Release */ = {
			isa = XCBuildConfiguration;
			buildSettings = {
				ALWAYS_SEARCH_USER_PATHS = NO;
				CLANG_ANALYZER_NONNULL = YES;
				CLANG_ANALYZER_NUMBER_OBJECT_CONVERSION = YES_AGGRESSIVE;
				CLANG_CXX_LANGUAGE_STANDARD = "gnu++17";
				CLANG_CXX_LIBRARY = "libc++";
				CLANG_ENABLE_MODULES = YES;
				CLANG_ENABLE_OBJC_ARC = YES;
				CLANG_ENABLE_OBJC_WEAK = YES;
				CLANG_WARN_BLOCK_CAPTURE_AUTORELEASING = YES;
				CLANG_WARN_BOOL_CONVERSION = YES;
				CLANG_WARN_COMMA = YES;
				CLANG_WARN_CONSTANT_CONVERSION = YES;
				CLANG_WARN_DEPRECATED_OBJC_IMPLEMENTATIONS = YES;
				CLANG_WARN_DIRECT_OBJC_ISA_USAGE = YES_ERROR;
				CLANG_WARN_DOCUMENTATION_COMMENTS = YES;
				CLANG_WARN_EMPTY_BODY = YES;
				CLANG_WARN_ENUM_CONVERSION = YES;
				CLANG_WARN_INFINITE_RECURSION = YES;
				CLANG_WARN_INT_CONVERSION = YES;
				CLANG_WARN_NON_LITERAL_NULL_CONVERSION = YES;
				CLANG_WARN_OBJC_IMPLICIT_RETAIN_SELF = YES;
				CLANG_WARN_OBJC_LITERAL_CONVERSION = YES;
				CLANG_WARN_OBJC_ROOT_CLASS = YES_ERROR;
				CLANG_WARN_QUOTED_INCLUDE_IN_FRAMEWORK_HEADER = YES;
				CLANG_WARN_RANGE_LOOP_ANALYSIS = YES;
				CLANG_WARN_STRICT_PROTOTYPES = YES;
				CLANG_WARN_SUSPICIOUS_MOVE = YES;
				CLANG_WARN_UNGUARDED_AVAILABILITY = YES_AGGRESSIVE;
				CLANG_WARN_UNREACHABLE_CODE = YES;
				CLANG_WARN__DUPLICATE_METHOD_MATCH = YES;
				COPY_PHASE_STRIP = NO;
				DEBUG_INFORMATION_FORMAT = "dwarf-with-dsym";
				ENABLE_NS_ASSERTIONS = NO;
				ENABLE_STRICT_OBJC_MSGSEND = YES;
				GCC_C_LANGUAGE_STANDARD = gnu11;
				GCC_NO_COMMON_BLOCKS = YES;
				GCC_WARN_64_TO_32_BIT_CONVERSION = YES;
				GCC_WARN_ABOUT_RETURN_TYPE = YES_ERROR;
				GCC_WARN_UNDECLARED_SELECTOR = YES;
				GCC_WARN_UNINITIALIZED_AUTOS = YES_AGGRESSIVE;
				GCC_WARN_UNUSED_FUNCTION = YES;
				GCC_WARN_UNUSED_VARIABLE = YES;
				IPHONEOS_DEPLOYMENT_TARGET = 15.2;
				MTL_ENABLE_DEBUG_INFO = NO;
				MTL_FAST_MATH = YES;
				SDKROOT = iphoneos;
				SWIFT_COMPILATION_MODE = wholemodule;
				SWIFT_OPTIMIZATION_LEVEL = "-O";
				VALIDATE_PRODUCT = YES;
			};
			name = Release;
		};
		AE5D53B427E5518000D105B0 /* Debug */ = {
			isa = XCBuildConfiguration;
			buildSettings = {
				ASSETCATALOG_COMPILER_APPICON_NAME = AppIcon;
				ASSETCATALOG_COMPILER_GLOBAL_ACCENT_COLOR_NAME = AccentColor;
				CODE_SIGN_STYLE = Automatic;
				CURRENT_PROJECT_VERSION = 1;
				GENERATE_INFOPLIST_FILE = YES;
				INFOPLIST_FILE = Final_v1/Info.plist;
				INFOPLIST_KEY_UIApplicationSupportsIndirectInputEvents = YES;
				INFOPLIST_KEY_UILaunchStoryboardName = LaunchScreen;
				INFOPLIST_KEY_UIMainStoryboardFile = Main;
				INFOPLIST_KEY_UISupportedInterfaceOrientations_iPad = "UIInterfaceOrientationPortrait UIInterfaceOrientationPortraitUpsideDown UIInterfaceOrientationLandscapeLeft UIInterfaceOrientationLandscapeRight";
				INFOPLIST_KEY_UISupportedInterfaceOrientations_iPhone = "UIInterfaceOrientationPortrait UIInterfaceOrientationLandscapeLeft UIInterfaceOrientationLandscapeRight";
				LD_RUNPATH_SEARCH_PATHS = (
					"$(inherited)",
					"@executable_path/Frameworks",
				);
				MARKETING_VERSION = 1.0;
				PRODUCT_BUNDLE_IDENTIFIER = "com.nathannguyen.Final-v1";
				PRODUCT_NAME = "$(TARGET_NAME)";
				SWIFT_EMIT_LOC_STRINGS = YES;
				SWIFT_VERSION = 5.0;
				TARGETED_DEVICE_FAMILY = "1,2";
			};
			name = Debug;
		};
		AE5D53B527E5518000D105B0 /* Release */ = {
			isa = XCBuildConfiguration;
			buildSettings = {
				ASSETCATALOG_COMPILER_APPICON_NAME = AppIcon;
				ASSETCATALOG_COMPILER_GLOBAL_ACCENT_COLOR_NAME = AccentColor;
				CODE_SIGN_STYLE = Automatic;
				CURRENT_PROJECT_VERSION = 1;
				GENERATE_INFOPLIST_FILE = YES;
				INFOPLIST_FILE = Final_v1/Info.plist;
				INFOPLIST_KEY_UIApplicationSupportsIndirectInputEvents = YES;
				INFOPLIST_KEY_UILaunchStoryboardName = LaunchScreen;
				INFOPLIST_KEY_UIMainStoryboardFile = Main;
				INFOPLIST_KEY_UISupportedInterfaceOrientations_iPad = "UIInterfaceOrientationPortrait UIInterfaceOrientationPortraitUpsideDown UIInterfaceOrientationLandscapeLeft UIInterfaceOrientationLandscapeRight";
				INFOPLIST_KEY_UISupportedInterfaceOrientations_iPhone = "UIInterfaceOrientationPortrait UIInterfaceOrientationLandscapeLeft UIInterfaceOrientationLandscapeRight";
				LD_RUNPATH_SEARCH_PATHS = (
					"$(inherited)",
					"@executable_path/Frameworks",
				);
				MARKETING_VERSION = 1.0;
				PRODUCT_BUNDLE_IDENTIFIER = "com.nathannguyen.Final-v1";
				PRODUCT_NAME = "$(TARGET_NAME)";
				SWIFT_EMIT_LOC_STRINGS = YES;
				SWIFT_VERSION = 5.0;
				TARGETED_DEVICE_FAMILY = "1,2";
			};
			name = Release;
		};
/* End XCBuildConfiguration section */

/* Begin XCConfigurationList section */
		AE5D539727E5517D00D105B0 /* Build configuration list for PBXProject "Final_v1" */ = {
			isa = XCConfigurationList;
			buildConfigurations = (
				AE5D53B127E5518000D105B0 /* Debug */,
				AE5D53B227E5518000D105B0 /* Release */,
			);
			defaultConfigurationIsVisible = 0;
			defaultConfigurationName = Release;
		};
		AE5D53B327E5518000D105B0 /* Build configuration list for PBXNativeTarget "Final_v1" */ = {
			isa = XCConfigurationList;
			buildConfigurations = (
				AE5D53B427E5518000D105B0 /* Debug */,
				AE5D53B527E5518000D105B0 /* Release */,
			);
			defaultConfigurationIsVisible = 0;
			defaultConfigurationName = Release;
		};
/* End XCConfigurationList section */

/* Begin XCVersionGroup section */
		AE5D53A827E5517D00D105B0 /* Final_v1.xcdatamodeld */ = {
			isa = XCVersionGroup;
			children = (
				AE5D53A927E5517D00D105B0 /* Final_v1.xcdatamodel */,
			);
			currentVersion = AE5D53A927E5517D00D105B0 /* Final_v1.xcdatamodel */;
			path = Final_v1.xcdatamodeld;
			sourceTree = "<group>";
			versionGroupType = wrapper.xcdatamodel;
		};
/* End XCVersionGroup section */
	};
	rootObject = AE5D539427E5517D00D105B0 /* Project object */;
}
